
Microsoft Visual Studio Solution File, Format Version 12.00
# Visual Studio Version 16
VisualStudioVersion = 16.0.31702.278
MinimumVisualStudioVersion = 10.0.40219.1
Project("{FAE04EC0-301F-11D3-BF4B-00C04F79EFBC}") = "FirstConsoleApp_001", "FirstConsoleApp_001\FirstConsoleApp_001.csproj", "{042E1B80-7C4C-47A6-9DEB-9D5D3B8538E8}"
EndProject
Global
	GlobalSection(SolutionConfigurationPlatforms) = preSolution
		Debug|Any CPU = Debug|Any CPU
		Release|Any CPU = Release|Any CPU
	EndGlobalSection
	GlobalSection(ProjectConfigurationPlatforms) = postSolution
		{042E1B80-7C4C-47A6-9DEB-9D5D3B8538E8}.Debug|Any CPU.ActiveCfg = Debug|Any CPU
		{042E1B80-7C4C-47A6-9DEB-9D5D3B8538E8}.Debug|Any CPU.Build.0 = Debug|Any CPU
		{042E1B80-7C4C-47A6-9DEB-9D5D3B8538E8}.Release|Any CPU.ActiveCfg = Release|Any CPU
		{042E1B80-7C4C-47A6-9DEB-9D5D3B8538E8}.Release|Any CPU.Build.0 = Release|Any CPU
	EndGlobalSection
	GlobalSection(SolutionProperties) = preSolution
		HideSolutionNode = FALSE
	EndGlobalSection
	GlobalSection(ExtensibilityGlobals) = postSolution
		SolutionGuid = {562F8293-76E8-4A62-AE4B-D45133F70390}
	EndGlobalSection
EndGlobal
